
Microsoft Visual Studio Solution File, Format Version 12.00
# Visual Studio 2015
Project("{FAE04EC0-301F-11D3-BF4B-00C04F79EFBC}") = "Rehab System Unity.CSharp", "Rehab System Unity.CSharp.csproj", "{6BE4D750-DC8F-41E9-E973-672F24CD6466}"
EndProject
Global
	GlobalSection(SolutionConfigurationPlatforms) = preSolution
		Debug|Any CPU = Debug|Any CPU
		Release|Any CPU = Release|Any CPU
	EndGlobalSection
	GlobalSection(ProjectConfigurationPlatforms) = postSolution
		{6BE4D750-DC8F-41E9-E973-672F24CD6466}.Debug|Any CPU.ActiveCfg = Debug|Any CPU
		{6BE4D750-DC8F-41E9-E973-672F24CD6466}.Debug|Any CPU.Build.0 = Debug|Any CPU
		{6BE4D750-DC8F-41E9-E973-672F24CD6466}.Release|Any CPU.ActiveCfg = Release|Any CPU
		{6BE4D750-DC8F-41E9-E973-672F24CD6466}.Release|Any CPU.Build.0 = Release|Any CPU
	EndGlobalSection
	GlobalSection(SolutionProperties) = preSolution
		HideSolutionNode = FALSE
	EndGlobalSection
EndGlobal
